
Microsoft Visual Studio Solution File, Format Version 12.00
# Visual Studio Version 17
VisualStudioVersion = 17.14.36603.0
MinimumVisualStudioVersion = 10.0.40219.1
Project("{FAE04EC0-301F-11D3-BF4B-00C04F79EFBC}") = "Zoologico.Modelos", "Zoologico.Modelos\Zoologico.Modelos.csproj", "{1E069149-A039-4BC6-89BB-2C0D11CE8104}"
EndProject
Project("{FAE04EC0-301F-11D3-BF4B-00C04F79EFBC}") = "Zoologico.API", "Zoologico.API\Zoologico.API.csproj", "{101A83EB-0C36-4482-8B4D-0EBC7EBB0627}"
EndProject
Project("{FAE04EC0-301F-11D3-BF4B-00C04F79EFBC}") = "Zoologico.ApiTest", "Zoologico.ApiTest\Zoologico.ApiTest.csproj", "{4CF21D5B-9143-46B7-BE33-F17CF8F6D71F}"
EndProject
Global
	GlobalSection(SolutionConfigurationPlatforms) = preSolution
		Debug|Any CPU = Debug|Any CPU
		Release|Any CPU = Release|Any CPU
	EndGlobalSection
	GlobalSection(ProjectConfigurationPlatforms) = postSolution
		{1E069149-A039-4BC6-89BB-2C0D11CE8104}.Debug|Any CPU.ActiveCfg = Debug|Any CPU
		{1E069149-A039-4BC6-89BB-2C0D11CE8104}.Debug|Any CPU.Build.0 = Debug|Any CPU
		{1E069149-A039-4BC6-89BB-2C0D11CE8104}.Release|Any CPU.ActiveCfg = Release|Any CPU
		{1E069149-A039-4BC6-89BB-2C0D11CE8104}.Release|Any CPU.Build.0 = Release|Any CPU
		{101A83EB-0C36-4482-8B4D-0EBC7EBB0627}.Debug|Any CPU.ActiveCfg = Debug|Any CPU
		{101A83EB-0C36-4482-8B4D-0EBC7EBB0627}.Debug|Any CPU.Build.0 = Debug|Any CPU
		{101A83EB-0C36-4482-8B4D-0EBC7EBB0627}.Release|Any CPU.ActiveCfg = Release|Any CPU
		{101A83EB-0C36-4482-8B4D-0EBC7EBB0627}.Release|Any CPU.Build.0 = Release|Any CPU
		{4CF21D5B-9143-46B7-BE33-F17CF8F6D71F}.Debug|Any CPU.ActiveCfg = Debug|Any CPU
		{4CF21D5B-9143-46B7-BE33-F17CF8F6D71F}.Debug|Any CPU.Build.0 = Debug|Any CPU
		{4CF21D5B-9143-46B7-BE33-F17CF8F6D71F}.Release|Any CPU.ActiveCfg = Release|Any CPU
		{4CF21D5B-9143-46B7-BE33-F17CF8F6D71F}.Release|Any CPU.Build.0 = Release|Any CPU
	EndGlobalSection
	GlobalSection(SolutionProperties) = preSolution
		HideSolutionNode = FALSE
	EndGlobalSection
	GlobalSection(ExtensibilityGlobals) = postSolution
		SolutionGuid = {04F05439-9DE8-4471-8569-06B9ACE1B935}
	EndGlobalSection
EndGlobal
